
Microsoft Visual Studio Solution File, Format Version 12.00
# Visual Studio Version 17
VisualStudioVersion = 17.3.32922.545
MinimumVisualStudioVersion = 10.0.40219.1
Project("{8BC9CEB8-8B4A-11D0-8D11-00A0C91BC942}") = "task2", "task2.vcxproj", "{0146A32A-803E-4EA1-841A-29EE2AF4BC6C}"
EndProject
Global
	GlobalSection(SolutionConfigurationPlatforms) = preSolution
		Debug|x64 = Debug|x64
		Debug|x86 = Debug|x86
		Release|x64 = Release|x64
		Release|x86 = Release|x86
	EndGlobalSection
	GlobalSection(ProjectConfigurationPlatforms) = postSolution
		{0146A32A-803E-4EA1-841A-29EE2AF4BC6C}.Debug|x64.ActiveCfg = Debug|x64
		{0146A32A-803E-4EA1-841A-29EE2AF4BC6C}.Debug|x64.Build.0 = Debug|x64
		{0146A32A-803E-4EA1-841A-29EE2AF4BC6C}.Debug|x86.ActiveCfg = Debug|Win32
		{0146A32A-803E-4EA1-841A-29EE2AF4BC6C}.Debug|x86.Build.0 = Debug|Win32
		{0146A32A-803E-4EA1-841A-29EE2AF4BC6C}.Release|x64.ActiveCfg = Release|x64
		{0146A32A-803E-4EA1-841A-29EE2AF4BC6C}.Release|x64.Build.0 = Release|x64
		{0146A32A-803E-4EA1-841A-29EE2AF4BC6C}.Release|x86.ActiveCfg = Release|Win32
		{0146A32A-803E-4EA1-841A-29EE2AF4BC6C}.Release|x86.Build.0 = Release|Win32
	EndGlobalSection
	GlobalSection(SolutionProperties) = preSolution
		HideSolutionNode = FALSE
	EndGlobalSection
	GlobalSection(ExtensibilityGlobals) = postSolution
		SolutionGuid = {F5E1BB93-823F-43B1-9161-C3F5B7F96A77}
	EndGlobalSection
EndGlobal
